
Microsoft Visual Studio Solution File, Format Version 12.00
# Visual Studio Version 16
VisualStudioVersion = 16.0.31402.337
MinimumVisualStudioVersion = 10.0.40219.1
Project("{9A19103F-16F7-4668-BE54-9A1E7A4F7556}") = "ContactManagement", "ContactManagement\ContactManagement.csproj", "{4CA97FA4-9DCF-4F36-A75F-33B89DC7C9D6}"
EndProject
Project("{FAE04EC0-301F-11D3-BF4B-00C04F79EFBC}") = "UnitTestContact", "UnitTestContact\UnitTestContact.csproj", "{B7D6041E-FEEC-4DCE-9A15-C8B2C774DC40}"
EndProject
Global
	GlobalSection(SolutionConfigurationPlatforms) = preSolution
		Debug|Any CPU = Debug|Any CPU
		Release|Any CPU = Release|Any CPU
	EndGlobalSection
	GlobalSection(ProjectConfigurationPlatforms) = postSolution
		{4CA97FA4-9DCF-4F36-A75F-33B89DC7C9D6}.Debug|Any CPU.ActiveCfg = Debug|Any CPU
		{4CA97FA4-9DCF-4F36-A75F-33B89DC7C9D6}.Debug|Any CPU.Build.0 = Debug|Any CPU
		{4CA97FA4-9DCF-4F36-A75F-33B89DC7C9D6}.Release|Any CPU.ActiveCfg = Release|Any CPU
		{4CA97FA4-9DCF-4F36-A75F-33B89DC7C9D6}.Release|Any CPU.Build.0 = Release|Any CPU
		{B7D6041E-FEEC-4DCE-9A15-C8B2C774DC40}.Debug|Any CPU.ActiveCfg = Debug|Any CPU
		{B7D6041E-FEEC-4DCE-9A15-C8B2C774DC40}.Debug|Any CPU.Build.0 = Debug|Any CPU
		{B7D6041E-FEEC-4DCE-9A15-C8B2C774DC40}.Release|Any CPU.ActiveCfg = Release|Any CPU
		{B7D6041E-FEEC-4DCE-9A15-C8B2C774DC40}.Release|Any CPU.Build.0 = Release|Any CPU
	EndGlobalSection
	GlobalSection(SolutionProperties) = preSolution
		HideSolutionNode = FALSE
	EndGlobalSection
	GlobalSection(ExtensibilityGlobals) = postSolution
		SolutionGuid = {10C1A494-0782-43E3-A831-6A8F1A6DFC5D}
	EndGlobalSection
EndGlobal
